
Microsoft Visual Studio Solution File, Format Version 12.00
# Visual Studio Version 17
VisualStudioVersion = 17.14.36511.14 d17.14
MinimumVisualStudioVersion = 10.0.40219.1
Project("{FAE04EC0-301F-11D3-BF4B-00C04F79EFBC}") = "PRS_", "PRS_.csproj", "{53AF4579-E1BB-4661-BE4B-1753046AE8DF}"
EndProject
Global
	GlobalSection(SolutionConfigurationPlatforms) = preSolution
		Debug|Any CPU = Debug|Any CPU
		Release|Any CPU = Release|Any CPU
	EndGlobalSection
	GlobalSection(ProjectConfigurationPlatforms) = postSolution
		{53AF4579-E1BB-4661-BE4B-1753046AE8DF}.Debug|Any CPU.ActiveCfg = Debug|Any CPU
		{53AF4579-E1BB-4661-BE4B-1753046AE8DF}.Debug|Any CPU.Build.0 = Debug|Any CPU
		{53AF4579-E1BB-4661-BE4B-1753046AE8DF}.Release|Any CPU.ActiveCfg = Release|Any CPU
		{53AF4579-E1BB-4661-BE4B-1753046AE8DF}.Release|Any CPU.Build.0 = Release|Any CPU
	EndGlobalSection
	GlobalSection(SolutionProperties) = preSolution
		HideSolutionNode = FALSE
	EndGlobalSection
	GlobalSection(ExtensibilityGlobals) = postSolution
		SolutionGuid = {6DD1972B-D385-4920-82BA-78B9925762CE}
	EndGlobalSection
EndGlobal
