
Microsoft Visual Studio Solution File, Format Version 12.00
# Visual Studio Version 17
VisualStudioVersion = 17.14.36511.14 d17.14
MinimumVisualStudioVersion = 10.0.40219.1
Project("{FAE04EC0-301F-11D3-BF4B-00C04F79EFBC}") = "PRS", "PRS\PRS.csproj", "{714076EC-F87D-42BD-9105-155AD2B28342}"
EndProject
Global
	GlobalSection(SolutionConfigurationPlatforms) = preSolution
		Debug|Any CPU = Debug|Any CPU
		Release|Any CPU = Release|Any CPU
	EndGlobalSection
	GlobalSection(ProjectConfigurationPlatforms) = postSolution
		{714076EC-F87D-42BD-9105-155AD2B28342}.Debug|Any CPU.ActiveCfg = Debug|Any CPU
		{714076EC-F87D-42BD-9105-155AD2B28342}.Debug|Any CPU.Build.0 = Debug|Any CPU
		{714076EC-F87D-42BD-9105-155AD2B28342}.Release|Any CPU.ActiveCfg = Release|Any CPU
		{714076EC-F87D-42BD-9105-155AD2B28342}.Release|Any CPU.Build.0 = Release|Any CPU
	EndGlobalSection
	GlobalSection(SolutionProperties) = preSolution
		HideSolutionNode = FALSE
	EndGlobalSection
	GlobalSection(ExtensibilityGlobals) = postSolution
		SolutionGuid = {897943FF-81FC-46F3-873E-EFEF587D2D48}
	EndGlobalSection
EndGlobal
